
Microsoft Visual Studio Solution File, Format Version 12.00
# Visual Studio 15
VisualStudioVersion = 15.0.28010.2050
MinimumVisualStudioVersion = 10.0.40219.1
Project("{9A19103F-16F7-4668-BE54-9A1E7A4F7556}") = "RussianAiCup2018.Strategy", "RussianAiCup2018.Strategy\RussianAiCup2018.Strategy.csproj", "{3AACA031-8BB0-47DD-A4FE-B227DEAB7728}"
EndProject
Project("{FAE04EC0-301F-11D3-BF4B-00C04F79EFBC}") = "RussianAiCup2018.Tests", "RussianAiCup2018.Tests\RussianAiCup2018.Tests.csproj", "{26C4FD03-CBBB-484C-9598-FC30B73ACB2B}"
EndProject
Global
	GlobalSection(SolutionConfigurationPlatforms) = preSolution
		Debug|Any CPU = Debug|Any CPU
		Release|Any CPU = Release|Any CPU
	EndGlobalSection
	GlobalSection(ProjectConfigurationPlatforms) = postSolution
		{3AACA031-8BB0-47DD-A4FE-B227DEAB7728}.Debug|Any CPU.ActiveCfg = Debug|Any CPU
		{3AACA031-8BB0-47DD-A4FE-B227DEAB7728}.Debug|Any CPU.Build.0 = Debug|Any CPU
		{3AACA031-8BB0-47DD-A4FE-B227DEAB7728}.Release|Any CPU.ActiveCfg = Release|Any CPU
		{3AACA031-8BB0-47DD-A4FE-B227DEAB7728}.Release|Any CPU.Build.0 = Release|Any CPU
		{26C4FD03-CBBB-484C-9598-FC30B73ACB2B}.Debug|Any CPU.ActiveCfg = Debug|Any CPU
		{26C4FD03-CBBB-484C-9598-FC30B73ACB2B}.Debug|Any CPU.Build.0 = Debug|Any CPU
		{26C4FD03-CBBB-484C-9598-FC30B73ACB2B}.Release|Any CPU.ActiveCfg = Release|Any CPU
		{26C4FD03-CBBB-484C-9598-FC30B73ACB2B}.Release|Any CPU.Build.0 = Release|Any CPU
	EndGlobalSection
	GlobalSection(SolutionProperties) = preSolution
		HideSolutionNode = FALSE
	EndGlobalSection
	GlobalSection(ExtensibilityGlobals) = postSolution
		SolutionGuid = {B73F0172-188B-419C-953F-6A89D7FB1E2F}
	EndGlobalSection
EndGlobal
